
Microsoft Visual Studio Solution File, Format Version 12.00
# Visual Studio 15
VisualStudioVersion = 15.0.25802.0
MinimumVisualStudioVersion = 10.0.40219.1
Project("{FAE04EC0-301F-11D3-BF4B-00C04F79EFBC}") = "Janus", "Janus\Janus.csproj", "{492B7459-6839-401D-BAB6-55B23A01690D}"
EndProject
Project("{FAE04EC0-301F-11D3-BF4B-00C04F79EFBC}") = "UnitTests", "UnitTests\UnitTests.csproj", "{9E9A76E7-DAA0-4B6A-B02C-85722255F4EF}"
EndProject
Project("{FAE04EC0-301F-11D3-BF4B-00C04F79EFBC}") = "StorageFormats", "StorageFormats\StorageFormats.csproj", "{F375D773-7141-4C59-9ED7-A7371E3B1B47}"
EndProject
Global
	GlobalSection(SolutionConfigurationPlatforms) = preSolution
		Debug|Any CPU = Debug|Any CPU
		Release|Any CPU = Release|Any CPU
	EndGlobalSection
	GlobalSection(ProjectConfigurationPlatforms) = postSolution
		{492B7459-6839-401D-BAB6-55B23A01690D}.Debug|Any CPU.ActiveCfg = Debug|Any CPU
		{492B7459-6839-401D-BAB6-55B23A01690D}.Debug|Any CPU.Build.0 = Debug|Any CPU
		{492B7459-6839-401D-BAB6-55B23A01690D}.Release|Any CPU.ActiveCfg = Release|Any CPU
		{492B7459-6839-401D-BAB6-55B23A01690D}.Release|Any CPU.Build.0 = Release|Any CPU
		{9E9A76E7-DAA0-4B6A-B02C-85722255F4EF}.Debug|Any CPU.ActiveCfg = Debug|Any CPU
		{9E9A76E7-DAA0-4B6A-B02C-85722255F4EF}.Debug|Any CPU.Build.0 = Debug|Any CPU
		{9E9A76E7-DAA0-4B6A-B02C-85722255F4EF}.Release|Any CPU.ActiveCfg = Release|Any CPU
		{9E9A76E7-DAA0-4B6A-B02C-85722255F4EF}.Release|Any CPU.Build.0 = Release|Any CPU
		{F375D773-7141-4C59-9ED7-A7371E3B1B47}.Debug|Any CPU.ActiveCfg = Debug|Any CPU
		{F375D773-7141-4C59-9ED7-A7371E3B1B47}.Debug|Any CPU.Build.0 = Debug|Any CPU
		{F375D773-7141-4C59-9ED7-A7371E3B1B47}.Release|Any CPU.ActiveCfg = Release|Any CPU
		{F375D773-7141-4C59-9ED7-A7371E3B1B47}.Release|Any CPU.Build.0 = Release|Any CPU
	EndGlobalSection
	GlobalSection(SolutionProperties) = preSolution
		HideSolutionNode = FALSE
	EndGlobalSection
EndGlobal
